// !$*UTF8*$!
{
	archiveVersion = 1;
	classes = {
	};
	objectVersion = 46;
	objects = {

/* Begin PBXAggregateTarget section */
		"horizon-cli::horizon-cliPackageTests::ProductTarget" /* horizon-cliPackageTests */ = {
			isa = PBXAggregateTarget;
			buildConfigurationList = OBJ_257 /* Build configuration list for PBXAggregateTarget "horizon-cliPackageTests" */;
			buildPhases = (
			);
			dependencies = (
				OBJ_260 /* PBXTargetDependency */,
			);
			name = "horizon-cliPackageTests";
			productName = "horizon-cliPackageTests";
		};
/* End PBXAggregateTarget section */

/* Begin PBXBuildFile section */
		D2474AB82036C9E400AE46AF /* ContactFilter.swift in Sources */ = {isa = PBXBuildFile; fileRef = D2474AB72036C9E400AE46AF /* ContactFilter.swift */; };
		D2474ABA2036D00500AE46AF /* FilesHandler.swift in Sources */ = {isa = PBXBuildFile; fileRef = D2474AB92036D00500AE46AF /* FilesHandler.swift */; };
		D2867A03202DE22C00D3900C /* MockPersistentStore.swift in Sources */ = {isa = PBXBuildFile; fileRef = D2867A02202DE22C00D3900C /* MockPersistentStore.swift */; };
		D2867A06202E12AC00D3900C /* SharesHandler.swift in Sources */ = {isa = PBXBuildFile; fileRef = D2867A05202E12AC00D3900C /* SharesHandler.swift */; };
		D2A4A465202DD38600DFA79D /* ContactTests.swift in Sources */ = {isa = PBXBuildFile; fileRef = D2A4A464202DD38600DFA79D /* ContactTests.swift */; };
		D2A4A467202DD70D00DFA79D /* FileTests.swift in Sources */ = {isa = PBXBuildFile; fileRef = D2A4A466202DD70D00DFA79D /* FileTests.swift */; };
		D2A4A469202DD8F300DFA79D /* MockIPFSAPI.swift in Sources */ = {isa = PBXBuildFile; fileRef = D2A4A468202DD8F300DFA79D /* MockIPFSAPI.swift */; };
		D2A4A46B202DDC9500DFA79D /* ModelTests_Contacts.swift in Sources */ = {isa = PBXBuildFile; fileRef = D2A4A46A202DDC9500DFA79D /* ModelTests_Contacts.swift */; };
		D2A4A46F202DE11E00DFA79D /* PersistentStore.swift in Sources */ = {isa = PBXBuildFile; fileRef = D2A4A46E202DE11E00DFA79D /* PersistentStore.swift */; };
		D2A4A470202DE12600DFA79D /* UserDefaultsStore.swift in Sources */ = {isa = PBXBuildFile; fileRef = D2A4A46C202DE0EA00DFA79D /* UserDefaultsStore.swift */; };
		D2E68D33202F590A002CB293 /* FileManager+TempFiles.swift in Sources */ = {isa = PBXBuildFile; fileRef = D2E68D32202F590A002CB293 /* FileManager+TempFiles.swift */; };
		D2E68D35202F768C002CB293 /* ModelTests_Shares.swift in Sources */ = {isa = PBXBuildFile; fileRef = D2E68D34202F768C002CB293 /* ModelTests_Shares.swift */; };
		D2E68D39202F7AF2002CB293 /* The Byzantine Generals Problem.pdf in Resources */ = {isa = PBXBuildFile; fileRef = D2E68D37202F7722002CB293 /* The Byzantine Generals Problem.pdf */; };
		OBJ_109 /* Package.swift in Sources */ = {isa = PBXBuildFile; fileRef = OBJ_6 /* Package.swift */; };
		OBJ_115 /* Package.swift in Sources */ = {isa = PBXBuildFile; fileRef = OBJ_63 /* Package.swift */; };
		OBJ_121 /* Package.swift in Sources */ = {isa = PBXBuildFile; fileRef = OBJ_65 /* Package.swift */; };
		OBJ_127 /* Package.swift in Sources */ = {isa = PBXBuildFile; fileRef = OBJ_79 /* Package.swift */; };
		OBJ_133 /* Command.swift in Sources */ = {isa = PBXBuildFile; fileRef = OBJ_24 /* Command.swift */; };
		OBJ_134 /* ContactsHandler.swift in Sources */ = {isa = PBXBuildFile; fileRef = OBJ_25 /* ContactsHandler.swift */; };
		OBJ_135 /* Handler.swift in Sources */ = {isa = PBXBuildFile; fileRef = OBJ_26 /* Handler.swift */; };
		OBJ_136 /* Loggers.swift in Sources */ = {isa = PBXBuildFile; fileRef = OBJ_27 /* Loggers.swift */; };
		OBJ_137 /* Program.swift in Sources */ = {isa = PBXBuildFile; fileRef = OBJ_28 /* Program.swift */; };
		OBJ_138 /* main.swift in Sources */ = {isa = PBXBuildFile; fileRef = OBJ_29 /* main.swift */; };
		OBJ_140 /* HorizonCore.framework in Frameworks */ = {isa = PBXBuildFile; fileRef = "horizon-cli::HorizonCore::Product" /* HorizonCore.framework */; };
		OBJ_141 /* IPFSWebService.framework in Frameworks */ = {isa = PBXBuildFile; fileRef = "IPFSWebService::IPFSWebService::Product" /* IPFSWebService.framework */; };
		OBJ_142 /* PromiseKit.framework in Frameworks */ = {isa = PBXBuildFile; fileRef = "PromiseKit::PromiseKit::Product" /* PromiseKit.framework */; };
		OBJ_143 /* Alamofire.framework in Frameworks */ = {isa = PBXBuildFile; fileRef = "Alamofire::Alamofire::Product" /* Alamofire.framework */; };
		OBJ_157 /* FileListTests.swift in Sources */ = {isa = PBXBuildFile; fileRef = OBJ_32 /* FileListTests.swift */; };
		OBJ_159 /* HorizonCore.framework in Frameworks */ = {isa = PBXBuildFile; fileRef = "horizon-cli::HorizonCore::Product" /* HorizonCore.framework */; };
		OBJ_160 /* IPFSWebService.framework in Frameworks */ = {isa = PBXBuildFile; fileRef = "IPFSWebService::IPFSWebService::Product" /* IPFSWebService.framework */; };
		OBJ_161 /* PromiseKit.framework in Frameworks */ = {isa = PBXBuildFile; fileRef = "PromiseKit::PromiseKit::Product" /* PromiseKit.framework */; };
		OBJ_162 /* Alamofire.framework in Frameworks */ = {isa = PBXBuildFile; fileRef = "Alamofire::Alamofire::Product" /* Alamofire.framework */; };
		OBJ_171 /* Contact.swift in Sources */ = {isa = PBXBuildFile; fileRef = OBJ_12 /* Contact.swift */; };
		OBJ_172 /* Event.swift in Sources */ = {isa = PBXBuildFile; fileRef = OBJ_13 /* Event.swift */; };
		OBJ_173 /* File.swift in Sources */ = {isa = PBXBuildFile; fileRef = OBJ_14 /* File.swift */; };
		OBJ_174 /* FileList.swift in Sources */ = {isa = PBXBuildFile; fileRef = OBJ_15 /* FileList.swift */; };
		OBJ_175 /* HorizonError.swift in Sources */ = {isa = PBXBuildFile; fileRef = OBJ_16 /* HorizonError.swift */; };
		OBJ_176 /* IPFSAPI.swift in Sources */ = {isa = PBXBuildFile; fileRef = OBJ_17 /* IPFSAPI.swift */; };
		OBJ_177 /* IPFSWebserviceAPI.swift in Sources */ = {isa = PBXBuildFile; fileRef = OBJ_18 /* IPFSWebserviceAPI.swift */; };
		OBJ_178 /* Model.swift in Sources */ = {isa = PBXBuildFile; fileRef = OBJ_19 /* Model.swift */; };
		OBJ_180 /* LogProvider.swift in Sources */ = {isa = PBXBuildFile; fileRef = OBJ_22 /* LogProvider.swift */; };
		OBJ_182 /* IPFSWebService.framework in Frameworks */ = {isa = PBXBuildFile; fileRef = "IPFSWebService::IPFSWebService::Product" /* IPFSWebService.framework */; };
		OBJ_183 /* PromiseKit.framework in Frameworks */ = {isa = PBXBuildFile; fileRef = "PromiseKit::PromiseKit::Product" /* PromiseKit.framework */; };
		OBJ_184 /* Alamofire.framework in Frameworks */ = {isa = PBXBuildFile; fileRef = "Alamofire::Alamofire::Product" /* Alamofire.framework */; };
		OBJ_192 /* APIHelper.swift in Sources */ = {isa = PBXBuildFile; fileRef = OBJ_41 /* APIHelper.swift */; };
		OBJ_193 /* APIs.swift in Sources */ = {isa = PBXBuildFile; fileRef = OBJ_42 /* APIs.swift */; };
		OBJ_194 /* DefaultAPI.swift in Sources */ = {isa = PBXBuildFile; fileRef = OBJ_44 /* DefaultAPI.swift */; };
		OBJ_195 /* AlamofireImplementations.swift in Sources */ = {isa = PBXBuildFile; fileRef = OBJ_45 /* AlamofireImplementations.swift */; };
		OBJ_196 /* CodableHelper.swift in Sources */ = {isa = PBXBuildFile; fileRef = OBJ_46 /* CodableHelper.swift */; };
		OBJ_197 /* Configuration.swift in Sources */ = {isa = PBXBuildFile; fileRef = OBJ_47 /* Configuration.swift */; };
		OBJ_198 /* Extensions.swift in Sources */ = {isa = PBXBuildFile; fileRef = OBJ_48 /* Extensions.swift */; };
		OBJ_199 /* JSONEncodableEncoding.swift in Sources */ = {isa = PBXBuildFile; fileRef = OBJ_49 /* JSONEncodableEncoding.swift */; };
		OBJ_200 /* JSONEncodingHelper.swift in Sources */ = {isa = PBXBuildFile; fileRef = OBJ_50 /* JSONEncodingHelper.swift */; };
		OBJ_201 /* Models.swift in Sources */ = {isa = PBXBuildFile; fileRef = OBJ_51 /* Models.swift */; };
		OBJ_202 /* AddResponse.swift in Sources */ = {isa = PBXBuildFile; fileRef = OBJ_53 /* AddResponse.swift */; };
		OBJ_203 /* Key.swift in Sources */ = {isa = PBXBuildFile; fileRef = OBJ_54 /* Key.swift */; };
		OBJ_204 /* KeyList.swift in Sources */ = {isa = PBXBuildFile; fileRef = OBJ_55 /* KeyList.swift */; };
		OBJ_205 /* KeygenResponse.swift in Sources */ = {isa = PBXBuildFile; fileRef = OBJ_56 /* KeygenResponse.swift */; };
		OBJ_206 /* ListKeysResponse.swift in Sources */ = {isa = PBXBuildFile; fileRef = OBJ_57 /* ListKeysResponse.swift */; };
		OBJ_207 /* PinResponse.swift in Sources */ = {isa = PBXBuildFile; fileRef = OBJ_58 /* PinResponse.swift */; };
		OBJ_208 /* PublishResponse.swift in Sources */ = {isa = PBXBuildFile; fileRef = OBJ_59 /* PublishResponse.swift */; };
		OBJ_209 /* RemoveKeyResponse.swift in Sources */ = {isa = PBXBuildFile; fileRef = OBJ_60 /* RemoveKeyResponse.swift */; };
		OBJ_210 /* RenameKeyResponse.swift in Sources */ = {isa = PBXBuildFile; fileRef = OBJ_61 /* RenameKeyResponse.swift */; };
		OBJ_211 /* ResolveResponse.swift in Sources */ = {isa = PBXBuildFile; fileRef = OBJ_62 /* ResolveResponse.swift */; };
		OBJ_213 /* PromiseKit.framework in Frameworks */ = {isa = PBXBuildFile; fileRef = "PromiseKit::PromiseKit::Product" /* PromiseKit.framework */; };
		OBJ_214 /* Alamofire.framework in Frameworks */ = {isa = PBXBuildFile; fileRef = "Alamofire::Alamofire::Product" /* Alamofire.framework */; };
		OBJ_221 /* DispatchQueue+Promise.swift in Sources */ = {isa = PBXBuildFile; fileRef = OBJ_66 /* DispatchQueue+Promise.swift */; };
		OBJ_222 /* Error.swift in Sources */ = {isa = PBXBuildFile; fileRef = OBJ_67 /* Error.swift */; };
		OBJ_223 /* Promise+Properties.swift in Sources */ = {isa = PBXBuildFile; fileRef = OBJ_68 /* Promise+Properties.swift */; };
		OBJ_224 /* Promise.swift in Sources */ = {isa = PBXBuildFile; fileRef = OBJ_69 /* Promise.swift */; };
		OBJ_225 /* State.swift in Sources */ = {isa = PBXBuildFile; fileRef = OBJ_70 /* State.swift */; };
		OBJ_226 /* SwiftPM.swift in Sources */ = {isa = PBXBuildFile; fileRef = OBJ_71 /* SwiftPM.swift */; };
		OBJ_227 /* Zalgo.swift in Sources */ = {isa = PBXBuildFile; fileRef = OBJ_72 /* Zalgo.swift */; };
		OBJ_228 /* after.swift in Sources */ = {isa = PBXBuildFile; fileRef = OBJ_73 /* after.swift */; };
		OBJ_229 /* join.swift in Sources */ = {isa = PBXBuildFile; fileRef = OBJ_74 /* join.swift */; };
		OBJ_230 /* race.swift in Sources */ = {isa = PBXBuildFile; fileRef = OBJ_75 /* race.swift */; };
		OBJ_231 /* when.swift in Sources */ = {isa = PBXBuildFile; fileRef = OBJ_76 /* when.swift */; };
		OBJ_232 /* wrap.swift in Sources */ = {isa = PBXBuildFile; fileRef = OBJ_77 /* wrap.swift */; };
		OBJ_238 /* AFError.swift in Sources */ = {isa = PBXBuildFile; fileRef = OBJ_80 /* AFError.swift */; };
		OBJ_239 /* Alamofire.swift in Sources */ = {isa = PBXBuildFile; fileRef = OBJ_81 /* Alamofire.swift */; };
		OBJ_240 /* DispatchQueue+Alamofire.swift in Sources */ = {isa = PBXBuildFile; fileRef = OBJ_82 /* DispatchQueue+Alamofire.swift */; };
		OBJ_241 /* MultipartFormData.swift in Sources */ = {isa = PBXBuildFile; fileRef = OBJ_83 /* MultipartFormData.swift */; };
		OBJ_242 /* NetworkReachabilityManager.swift in Sources */ = {isa = PBXBuildFile; fileRef = OBJ_84 /* NetworkReachabilityManager.swift */; };
		OBJ_243 /* Notifications.swift in Sources */ = {isa = PBXBuildFile; fileRef = OBJ_85 /* Notifications.swift */; };
		OBJ_244 /* ParameterEncoding.swift in Sources */ = {isa = PBXBuildFile; fileRef = OBJ_86 /* ParameterEncoding.swift */; };
		OBJ_245 /* Request.swift in Sources */ = {isa = PBXBuildFile; fileRef = OBJ_87 /* Request.swift */; };
		OBJ_246 /* Response.swift in Sources */ = {isa = PBXBuildFile; fileRef = OBJ_88 /* Response.swift */; };
		OBJ_247 /* ResponseSerialization.swift in Sources */ = {isa = PBXBuildFile; fileRef = OBJ_89 /* ResponseSerialization.swift */; };
		OBJ_248 /* Result.swift in Sources */ = {isa = PBXBuildFile; fileRef = OBJ_90 /* Result.swift */; };
		OBJ_249 /* ServerTrustPolicy.swift in Sources */ = {isa = PBXBuildFile; fileRef = OBJ_91 /* ServerTrustPolicy.swift */; };
		OBJ_250 /* SessionDelegate.swift in Sources */ = {isa = PBXBuildFile; fileRef = OBJ_92 /* SessionDelegate.swift */; };
		OBJ_251 /* SessionManager.swift in Sources */ = {isa = PBXBuildFile; fileRef = OBJ_93 /* SessionManager.swift */; };
		OBJ_252 /* TaskDelegate.swift in Sources */ = {isa = PBXBuildFile; fileRef = OBJ_94 /* TaskDelegate.swift */; };
		OBJ_253 /* Timeline.swift in Sources */ = {isa = PBXBuildFile; fileRef = OBJ_95 /* Timeline.swift */; };
		OBJ_254 /* Validation.swift in Sources */ = {isa = PBXBuildFile; fileRef = OBJ_96 /* Validation.swift */; };
/* End PBXBuildFile section */

/* Begin PBXContainerItemProxy section */
		D29FA5BF20278C970009FFAC /* PBXContainerItemProxy */ = {
			isa = PBXContainerItemProxy;
			containerPortal = OBJ_1 /* Project object */;
			proxyType = 1;
			remoteGlobalIDString = "horizon-cli::HorizonCore";
			remoteInfo = HorizonCore;
		};
		D29FA5C020278C970009FFAC /* PBXContainerItemProxy */ = {
			isa = PBXContainerItemProxy;
			containerPortal = OBJ_1 /* Project object */;
			proxyType = 1;
			remoteGlobalIDString = "IPFSWebService::IPFSWebService";
			remoteInfo = IPFSWebService;
		};
		D29FA5C120278C970009FFAC /* PBXContainerItemProxy */ = {
			isa = PBXContainerItemProxy;
			containerPortal = OBJ_1 /* Project object */;
			proxyType = 1;
			remoteGlobalIDString = "PromiseKit::PromiseKit";
			remoteInfo = PromiseKit;
		};
		D29FA5C220278C970009FFAC /* PBXContainerItemProxy */ = {
			isa = PBXContainerItemProxy;
			containerPortal = OBJ_1 /* Project object */;
			proxyType = 1;
			remoteGlobalIDString = "Alamofire::Alamofire";
			remoteInfo = Alamofire;
		};
		D29FA5C320278C970009FFAC /* PBXContainerItemProxy */ = {
			isa = PBXContainerItemProxy;
			containerPortal = OBJ_1 /* Project object */;
			proxyType = 1;
			remoteGlobalIDString = "PromiseKit::PromiseKit";
			remoteInfo = PromiseKit;
		};
		D29FA5C420278C970009FFAC /* PBXContainerItemProxy */ = {
			isa = PBXContainerItemProxy;
			containerPortal = OBJ_1 /* Project object */;
			proxyType = 1;
			remoteGlobalIDString = "Alamofire::Alamofire";
			remoteInfo = Alamofire;
		};
		D29FA5C520278C970009FFAC /* PBXContainerItemProxy */ = {
			isa = PBXContainerItemProxy;
			containerPortal = OBJ_1 /* Project object */;
			proxyType = 1;
			remoteGlobalIDString = "IPFSWebService::IPFSWebService";
			remoteInfo = IPFSWebService;
		};
		D29FA5C620278C970009FFAC /* PBXContainerItemProxy */ = {
			isa = PBXContainerItemProxy;
			containerPortal = OBJ_1 /* Project object */;
			proxyType = 1;
			remoteGlobalIDString = "PromiseKit::PromiseKit";
			remoteInfo = PromiseKit;
		};
		D29FA5C720278C970009FFAC /* PBXContainerItemProxy */ = {
			isa = PBXContainerItemProxy;
			containerPortal = OBJ_1 /* Project object */;
			proxyType = 1;
			remoteGlobalIDString = "Alamofire::Alamofire";
			remoteInfo = Alamofire;
		};
		D29FA5C820278C970009FFAC /* PBXContainerItemProxy */ = {
			isa = PBXContainerItemProxy;
			containerPortal = OBJ_1 /* Project object */;
			proxyType = 1;
			remoteGlobalIDString = "horizon-cli::HorizonCore";
			remoteInfo = HorizonCore;
		};
		D29FA5C920278C970009FFAC /* PBXContainerItemProxy */ = {
			isa = PBXContainerItemProxy;
			containerPortal = OBJ_1 /* Project object */;
			proxyType = 1;
			remoteGlobalIDString = "IPFSWebService::IPFSWebService";
			remoteInfo = IPFSWebService;
		};
		D29FA5CA20278C970009FFAC /* PBXContainerItemProxy */ = {
			isa = PBXContainerItemProxy;
			containerPortal = OBJ_1 /* Project object */;
			proxyType = 1;
			remoteGlobalIDString = "PromiseKit::PromiseKit";
			remoteInfo = PromiseKit;
		};
		D29FA5CB20278C970009FFAC /* PBXContainerItemProxy */ = {
			isa = PBXContainerItemProxy;
			containerPortal = OBJ_1 /* Project object */;
			proxyType = 1;
			remoteGlobalIDString = "Alamofire::Alamofire";
			remoteInfo = Alamofire;
		};
		D29FA5CC20278C970009FFAC /* PBXContainerItemProxy */ = {
			isa = PBXContainerItemProxy;
			containerPortal = OBJ_1 /* Project object */;
			proxyType = 1;
			remoteGlobalIDString = "horizon-cli::HorizonCoreTests";
			remoteInfo = HorizonCoreTests;
		};
/* End PBXContainerItemProxy section */

/* Begin PBXFileReference section */
		"Alamofire::Alamofire::Product" /* Alamofire.framework */ = {isa = PBXFileReference; explicitFileType = wrapper.framework; path = Alamofire.framework; sourceTree = BUILT_PRODUCTS_DIR; };
		D2474AB72036C9E400AE46AF /* ContactFilter.swift */ = {isa = PBXFileReference; lastKnownFileType = sourcecode.swift; path = ContactFilter.swift; sourceTree = "<group>"; };
		D2474AB92036D00500AE46AF /* FilesHandler.swift */ = {isa = PBXFileReference; lastKnownFileType = sourcecode.swift; path = FilesHandler.swift; sourceTree = "<group>"; };
		D2867A02202DE22C00D3900C /* MockPersistentStore.swift */ = {isa = PBXFileReference; lastKnownFileType = sourcecode.swift; path = MockPersistentStore.swift; sourceTree = "<group>"; };
		D2867A05202E12AC00D3900C /* SharesHandler.swift */ = {isa = PBXFileReference; lastKnownFileType = sourcecode.swift; path = SharesHandler.swift; sourceTree = "<group>"; };
		D2A4A464202DD38600DFA79D /* ContactTests.swift */ = {isa = PBXFileReference; lastKnownFileType = sourcecode.swift; path = ContactTests.swift; sourceTree = "<group>"; };
		D2A4A466202DD70D00DFA79D /* FileTests.swift */ = {isa = PBXFileReference; lastKnownFileType = sourcecode.swift; path = FileTests.swift; sourceTree = "<group>"; };
		D2A4A468202DD8F300DFA79D /* MockIPFSAPI.swift */ = {isa = PBXFileReference; lastKnownFileType = sourcecode.swift; path = MockIPFSAPI.swift; sourceTree = "<group>"; };
		D2A4A46A202DDC9500DFA79D /* ModelTests_Contacts.swift */ = {isa = PBXFileReference; lastKnownFileType = sourcecode.swift; path = ModelTests_Contacts.swift; sourceTree = "<group>"; };
		D2A4A46C202DE0EA00DFA79D /* UserDefaultsStore.swift */ = {isa = PBXFileReference; fileEncoding = 4; lastKnownFileType = sourcecode.swift; path = UserDefaultsStore.swift; sourceTree = "<group>"; };
		D2A4A46E202DE11E00DFA79D /* PersistentStore.swift */ = {isa = PBXFileReference; lastKnownFileType = sourcecode.swift; path = PersistentStore.swift; sourceTree = "<group>"; };
		D2E68D32202F590A002CB293 /* FileManager+TempFiles.swift */ = {isa = PBXFileReference; lastKnownFileType = sourcecode.swift; path = "FileManager+TempFiles.swift"; sourceTree = "<group>"; };
		D2E68D34202F768C002CB293 /* ModelTests_Shares.swift */ = {isa = PBXFileReference; lastKnownFileType = sourcecode.swift; path = ModelTests_Shares.swift; sourceTree = "<group>"; };
		D2E68D37202F7722002CB293 /* The Byzantine Generals Problem.pdf */ = {isa = PBXFileReference; lastKnownFileType = image.pdf; path = "The Byzantine Generals Problem.pdf"; sourceTree = "<group>"; };
		"IPFSWebService::IPFSWebService::Product" /* IPFSWebService.framework */ = {isa = PBXFileReference; explicitFileType = wrapper.framework; path = IPFSWebService.framework; sourceTree = BUILT_PRODUCTS_DIR; };
		OBJ_12 /* Contact.swift */ = {isa = PBXFileReference; lastKnownFileType = sourcecode.swift; path = Contact.swift; sourceTree = "<group>"; };
		OBJ_13 /* Event.swift */ = {isa = PBXFileReference; lastKnownFileType = sourcecode.swift; path = Event.swift; sourceTree = "<group>"; };
		OBJ_14 /* File.swift */ = {isa = PBXFileReference; lastKnownFileType = sourcecode.swift; path = File.swift; sourceTree = "<group>"; };
		OBJ_15 /* FileList.swift */ = {isa = PBXFileReference; lastKnownFileType = sourcecode.swift; path = FileList.swift; sourceTree = "<group>"; };
		OBJ_16 /* HorizonError.swift */ = {isa = PBXFileReference; lastKnownFileType = sourcecode.swift; path = HorizonError.swift; sourceTree = "<group>"; };
		OBJ_17 /* IPFSAPI.swift */ = {isa = PBXFileReference; lastKnownFileType = sourcecode.swift; path = IPFSAPI.swift; sourceTree = "<group>"; };
		OBJ_18 /* IPFSWebserviceAPI.swift */ = {isa = PBXFileReference; lastKnownFileType = sourcecode.swift; path = IPFSWebserviceAPI.swift; sourceTree = "<group>"; };
		OBJ_19 /* Model.swift */ = {isa = PBXFileReference; lastKnownFileType = sourcecode.swift; path = Model.swift; sourceTree = "<group>"; };
		OBJ_22 /* LogProvider.swift */ = {isa = PBXFileReference; lastKnownFileType = sourcecode.swift; path = LogProvider.swift; sourceTree = "<group>"; };
		OBJ_24 /* Command.swift */ = {isa = PBXFileReference; lastKnownFileType = sourcecode.swift; path = Command.swift; sourceTree = "<group>"; };
		OBJ_25 /* ContactsHandler.swift */ = {isa = PBXFileReference; lastKnownFileType = sourcecode.swift; path = ContactsHandler.swift; sourceTree = "<group>"; };
		OBJ_26 /* Handler.swift */ = {isa = PBXFileReference; lastKnownFileType = sourcecode.swift; path = Handler.swift; sourceTree = "<group>"; };
		OBJ_27 /* Loggers.swift */ = {isa = PBXFileReference; lastKnownFileType = sourcecode.swift; path = Loggers.swift; sourceTree = "<group>"; };
		OBJ_28 /* Program.swift */ = {isa = PBXFileReference; lastKnownFileType = sourcecode.swift; path = Program.swift; sourceTree = "<group>"; };
		OBJ_29 /* main.swift */ = {isa = PBXFileReference; lastKnownFileType = sourcecode.swift; path = main.swift; sourceTree = "<group>"; };
		OBJ_32 /* FileListTests.swift */ = {isa = PBXFileReference; lastKnownFileType = sourcecode.swift; path = FileListTests.swift; sourceTree = "<group>"; };
		OBJ_41 /* APIHelper.swift */ = {isa = PBXFileReference; lastKnownFileType = sourcecode.swift; path = APIHelper.swift; sourceTree = "<group>"; };
		OBJ_42 /* APIs.swift */ = {isa = PBXFileReference; lastKnownFileType = sourcecode.swift; path = APIs.swift; sourceTree = "<group>"; };
		OBJ_44 /* DefaultAPI.swift */ = {isa = PBXFileReference; lastKnownFileType = sourcecode.swift; path = DefaultAPI.swift; sourceTree = "<group>"; };
		OBJ_45 /* AlamofireImplementations.swift */ = {isa = PBXFileReference; lastKnownFileType = sourcecode.swift; path = AlamofireImplementations.swift; sourceTree = "<group>"; };
		OBJ_46 /* CodableHelper.swift */ = {isa = PBXFileReference; lastKnownFileType = sourcecode.swift; path = CodableHelper.swift; sourceTree = "<group>"; };
		OBJ_47 /* Configuration.swift */ = {isa = PBXFileReference; lastKnownFileType = sourcecode.swift; path = Configuration.swift; sourceTree = "<group>"; };
		OBJ_48 /* Extensions.swift */ = {isa = PBXFileReference; lastKnownFileType = sourcecode.swift; path = Extensions.swift; sourceTree = "<group>"; };
		OBJ_49 /* JSONEncodableEncoding.swift */ = {isa = PBXFileReference; lastKnownFileType = sourcecode.swift; path = JSONEncodableEncoding.swift; sourceTree = "<group>"; };
		OBJ_50 /* JSONEncodingHelper.swift */ = {isa = PBXFileReference; lastKnownFileType = sourcecode.swift; path = JSONEncodingHelper.swift; sourceTree = "<group>"; };
		OBJ_51 /* Models.swift */ = {isa = PBXFileReference; lastKnownFileType = sourcecode.swift; path = Models.swift; sourceTree = "<group>"; };
		OBJ_53 /* AddResponse.swift */ = {isa = PBXFileReference; lastKnownFileType = sourcecode.swift; path = AddResponse.swift; sourceTree = "<group>"; };
		OBJ_54 /* Key.swift */ = {isa = PBXFileReference; lastKnownFileType = sourcecode.swift; path = Key.swift; sourceTree = "<group>"; };
		OBJ_55 /* KeyList.swift */ = {isa = PBXFileReference; lastKnownFileType = sourcecode.swift; path = KeyList.swift; sourceTree = "<group>"; };
		OBJ_56 /* KeygenResponse.swift */ = {isa = PBXFileReference; lastKnownFileType = sourcecode.swift; path = KeygenResponse.swift; sourceTree = "<group>"; };
		OBJ_57 /* ListKeysResponse.swift */ = {isa = PBXFileReference; lastKnownFileType = sourcecode.swift; path = ListKeysResponse.swift; sourceTree = "<group>"; };
		OBJ_58 /* PinResponse.swift */ = {isa = PBXFileReference; lastKnownFileType = sourcecode.swift; path = PinResponse.swift; sourceTree = "<group>"; };
		OBJ_59 /* PublishResponse.swift */ = {isa = PBXFileReference; lastKnownFileType = sourcecode.swift; path = PublishResponse.swift; sourceTree = "<group>"; };
		OBJ_6 /* Package.swift */ = {isa = PBXFileReference; explicitFileType = sourcecode.swift; path = Package.swift; sourceTree = "<group>"; };
		OBJ_60 /* RemoveKeyResponse.swift */ = {isa = PBXFileReference; lastKnownFileType = sourcecode.swift; path = RemoveKeyResponse.swift; sourceTree = "<group>"; };
		OBJ_61 /* RenameKeyResponse.swift */ = {isa = PBXFileReference; lastKnownFileType = sourcecode.swift; path = RenameKeyResponse.swift; sourceTree = "<group>"; };
		OBJ_62 /* ResolveResponse.swift */ = {isa = PBXFileReference; lastKnownFileType = sourcecode.swift; path = ResolveResponse.swift; sourceTree = "<group>"; };
		OBJ_63 /* Package.swift */ = {isa = PBXFileReference; explicitFileType = sourcecode.swift; name = Package.swift; path = "/Users/connorpower/Library/Mobile Documents/com~apple~CloudDocs/Developer/newtopia/Horizon/.build/checkouts/IPFSWebService.git-1892152358706138552/Package.swift"; sourceTree = "<group>"; };
		OBJ_65 /* Package.swift */ = {isa = PBXFileReference; explicitFileType = sourcecode.swift; name = Package.swift; path = "/Users/connorpower/Library/Mobile Documents/com~apple~CloudDocs/Developer/newtopia/Horizon/.build/checkouts/PromiseKit.git--245509577168976307/Package.swift"; sourceTree = "<group>"; };
		OBJ_66 /* DispatchQueue+Promise.swift */ = {isa = PBXFileReference; lastKnownFileType = sourcecode.swift; path = "DispatchQueue+Promise.swift"; sourceTree = "<group>"; };
		OBJ_67 /* Error.swift */ = {isa = PBXFileReference; lastKnownFileType = sourcecode.swift; path = Error.swift; sourceTree = "<group>"; };
		OBJ_68 /* Promise+Properties.swift */ = {isa = PBXFileReference; lastKnownFileType = sourcecode.swift; path = "Promise+Properties.swift"; sourceTree = "<group>"; };
		OBJ_69 /* Promise.swift */ = {isa = PBXFileReference; lastKnownFileType = sourcecode.swift; path = Promise.swift; sourceTree = "<group>"; };
		OBJ_70 /* State.swift */ = {isa = PBXFileReference; lastKnownFileType = sourcecode.swift; path = State.swift; sourceTree = "<group>"; };
		OBJ_71 /* SwiftPM.swift */ = {isa = PBXFileReference; lastKnownFileType = sourcecode.swift; path = SwiftPM.swift; sourceTree = "<group>"; };
		OBJ_72 /* Zalgo.swift */ = {isa = PBXFileReference; lastKnownFileType = sourcecode.swift; path = Zalgo.swift; sourceTree = "<group>"; };
		OBJ_73 /* after.swift */ = {isa = PBXFileReference; lastKnownFileType = sourcecode.swift; path = after.swift; sourceTree = "<group>"; };
		OBJ_74 /* join.swift */ = {isa = PBXFileReference; lastKnownFileType = sourcecode.swift; path = join.swift; sourceTree = "<group>"; };
		OBJ_75 /* race.swift */ = {isa = PBXFileReference; lastKnownFileType = sourcecode.swift; path = race.swift; sourceTree = "<group>"; };
		OBJ_76 /* when.swift */ = {isa = PBXFileReference; lastKnownFileType = sourcecode.swift; path = when.swift; sourceTree = "<group>"; };
		OBJ_77 /* wrap.swift */ = {isa = PBXFileReference; lastKnownFileType = sourcecode.swift; path = wrap.swift; sourceTree = "<group>"; };
		OBJ_79 /* Package.swift */ = {isa = PBXFileReference; explicitFileType = sourcecode.swift; name = Package.swift; path = "/Users/connorpower/Library/Mobile Documents/com~apple~CloudDocs/Developer/newtopia/Horizon/.build/checkouts/Alamofire.git-6801331143877184500/Package.swift"; sourceTree = "<group>"; };
		OBJ_8 /* Configuration.xcconfig */ = {isa = PBXFileReference; lastKnownFileType = text.xcconfig; path = Configuration.xcconfig; sourceTree = "<group>"; };
		OBJ_80 /* AFError.swift */ = {isa = PBXFileReference; lastKnownFileType = sourcecode.swift; path = AFError.swift; sourceTree = "<group>"; };
		OBJ_81 /* Alamofire.swift */ = {isa = PBXFileReference; lastKnownFileType = sourcecode.swift; path = Alamofire.swift; sourceTree = "<group>"; };
		OBJ_82 /* DispatchQueue+Alamofire.swift */ = {isa = PBXFileReference; lastKnownFileType = sourcecode.swift; path = "DispatchQueue+Alamofire.swift"; sourceTree = "<group>"; };
		OBJ_83 /* MultipartFormData.swift */ = {isa = PBXFileReference; lastKnownFileType = sourcecode.swift; path = MultipartFormData.swift; sourceTree = "<group>"; };
		OBJ_84 /* NetworkReachabilityManager.swift */ = {isa = PBXFileReference; lastKnownFileType = sourcecode.swift; path = NetworkReachabilityManager.swift; sourceTree = "<group>"; };
		OBJ_85 /* Notifications.swift */ = {isa = PBXFileReference; lastKnownFileType = sourcecode.swift; path = Notifications.swift; sourceTree = "<group>"; };
		OBJ_86 /* ParameterEncoding.swift */ = {isa = PBXFileReference; lastKnownFileType = sourcecode.swift; path = ParameterEncoding.swift; sourceTree = "<group>"; };
		OBJ_87 /* Request.swift */ = {isa = PBXFileReference; lastKnownFileType = sourcecode.swift; path = Request.swift; sourceTree = "<group>"; };
		OBJ_88 /* Response.swift */ = {isa = PBXFileReference; lastKnownFileType = sourcecode.swift; path = Response.swift; sourceTree = "<group>"; };
		OBJ_89 /* ResponseSerialization.swift */ = {isa = PBXFileReference; lastKnownFileType = sourcecode.swift; path = ResponseSerialization.swift; sourceTree = "<group>"; };
		OBJ_90 /* Result.swift */ = {isa = PBXFileReference; lastKnownFileType = sourcecode.swift; path = Result.swift; sourceTree = "<group>"; };
		OBJ_91 /* ServerTrustPolicy.swift */ = {isa = PBXFileReference; lastKnownFileType = sourcecode.swift; path = ServerTrustPolicy.swift; sourceTree = "<group>"; };
		OBJ_92 /* SessionDelegate.swift */ = {isa = PBXFileReference; lastKnownFileType = sourcecode.swift; path = SessionDelegate.swift; sourceTree = "<group>"; };
		OBJ_93 /* SessionManager.swift */ = {isa = PBXFileReference; lastKnownFileType = sourcecode.swift; path = SessionManager.swift; sourceTree = "<group>"; };
		OBJ_94 /* TaskDelegate.swift */ = {isa = PBXFileReference; lastKnownFileType = sourcecode.swift; path = TaskDelegate.swift; sourceTree = "<group>"; };
		OBJ_95 /* Timeline.swift */ = {isa = PBXFileReference; lastKnownFileType = sourcecode.swift; path = Timeline.swift; sourceTree = "<group>"; };
		OBJ_96 /* Validation.swift */ = {isa = PBXFileReference; lastKnownFileType = sourcecode.swift; path = Validation.swift; sourceTree = "<group>"; };
		"PromiseKit::PromiseKit::Product" /* PromiseKit.framework */ = {isa = PBXFileReference; explicitFileType = wrapper.framework; path = PromiseKit.framework; sourceTree = BUILT_PRODUCTS_DIR; };
		"horizon-cli::HorizonCore::Product" /* HorizonCore.framework */ = {isa = PBXFileReference; explicitFileType = wrapper.framework; path = HorizonCore.framework; sourceTree = BUILT_PRODUCTS_DIR; };
		"horizon-cli::HorizonCoreTests::Product" /* HorizonCoreTests.xctest */ = {isa = PBXFileReference; lastKnownFileType = file; path = HorizonCoreTests.xctest; sourceTree = BUILT_PRODUCTS_DIR; };
		"horizon-cli::horizon-cli::Product" /* horizon-cli */ = {isa = PBXFileReference; lastKnownFileType = text; path = "horizon-cli"; sourceTree = BUILT_PRODUCTS_DIR; };
/* End PBXFileReference section */

/* Begin PBXFrameworksBuildPhase section */
		OBJ_139 /* Frameworks */ = {
			isa = PBXFrameworksBuildPhase;
			buildActionMask = 0;
			files = (
				OBJ_140 /* HorizonCore.framework in Frameworks */,
				OBJ_141 /* IPFSWebService.framework in Frameworks */,
				OBJ_142 /* PromiseKit.framework in Frameworks */,
				OBJ_143 /* Alamofire.framework in Frameworks */,
			);
			runOnlyForDeploymentPostprocessing = 0;
		};
		OBJ_158 /* Frameworks */ = {
			isa = PBXFrameworksBuildPhase;
			buildActionMask = 0;
			files = (
				OBJ_159 /* HorizonCore.framework in Frameworks */,
				OBJ_160 /* IPFSWebService.framework in Frameworks */,
				OBJ_161 /* PromiseKit.framework in Frameworks */,
				OBJ_162 /* Alamofire.framework in Frameworks */,
			);
			runOnlyForDeploymentPostprocessing = 0;
		};
		OBJ_181 /* Frameworks */ = {
			isa = PBXFrameworksBuildPhase;
			buildActionMask = 0;
			files = (
				OBJ_182 /* IPFSWebService.framework in Frameworks */,
				OBJ_183 /* PromiseKit.framework in Frameworks */,
				OBJ_184 /* Alamofire.framework in Frameworks */,
			);
			runOnlyForDeploymentPostprocessing = 0;
		};
		OBJ_212 /* Frameworks */ = {
			isa = PBXFrameworksBuildPhase;
			buildActionMask = 0;
			files = (
				OBJ_213 /* PromiseKit.framework in Frameworks */,
				OBJ_214 /* Alamofire.framework in Frameworks */,
			);
			runOnlyForDeploymentPostprocessing = 0;
		};
		OBJ_233 /* Frameworks */ = {
			isa = PBXFrameworksBuildPhase;
			buildActionMask = 0;
			files = (
			);
			runOnlyForDeploymentPostprocessing = 0;
		};
		OBJ_255 /* Frameworks */ = {
			isa = PBXFrameworksBuildPhase;
			buildActionMask = 0;
			files = (
			);
			runOnlyForDeploymentPostprocessing = 0;
		};
/* End PBXFrameworksBuildPhase section */

/* Begin PBXGroup section */
		D2867A04202DE23300D3900C /* Mocks */ = {
			isa = PBXGroup;
			children = (
				D2A4A468202DD8F300DFA79D /* MockIPFSAPI.swift */,
				D2867A02202DE22C00D3900C /* MockPersistentStore.swift */,
			);
			path = Mocks;
			sourceTree = SOURCE_ROOT;
		};
		D2A4A463202DD33900DFA79D /* Model */ = {
			isa = PBXGroup;
			children = (
				D2867A04202DE23300D3900C /* Mocks */,
				OBJ_32 /* FileListTests.swift */,
				D2A4A464202DD38600DFA79D /* ContactTests.swift */,
				D2A4A466202DD70D00DFA79D /* FileTests.swift */,
				D2A4A46A202DDC9500DFA79D /* ModelTests_Contacts.swift */,
				D2E68D34202F768C002CB293 /* ModelTests_Shares.swift */,
			);
			path = Model;
			sourceTree = SOURCE_ROOT;
		};
		D2E68D36202F7715002CB293 /* Test Resources */ = {
			isa = PBXGroup;
			children = (
				D2E68D37202F7722002CB293 /* The Byzantine Generals Problem.pdf */,
			);
			path = "Test Resources";
			sourceTree = SOURCE_ROOT;
		};
		OBJ_10 /* HorizonCore */ = {
			isa = PBXGroup;
			children = (
				OBJ_11 /* Model */,
				OBJ_21 /* Utility */,
			);
			name = HorizonCore;
			path = Sources/HorizonCore;
			sourceTree = SOURCE_ROOT;
		};
		OBJ_11 /* Model */ = {
			isa = PBXGroup;
			children = (
				D2A4A46C202DE0EA00DFA79D /* UserDefaultsStore.swift */,
				OBJ_12 /* Contact.swift */,
				OBJ_13 /* Event.swift */,
				OBJ_14 /* File.swift */,
				OBJ_15 /* FileList.swift */,
				OBJ_16 /* HorizonError.swift */,
				OBJ_17 /* IPFSAPI.swift */,
				OBJ_18 /* IPFSWebserviceAPI.swift */,
				OBJ_19 /* Model.swift */,
				D2A4A46E202DE11E00DFA79D /* PersistentStore.swift */,
				D2474AB72036C9E400AE46AF /* ContactFilter.swift */,
			);
			path = Model;
			sourceTree = "<group>";
		};
		OBJ_21 /* Utility */ = {
			isa = PBXGroup;
			children = (
				OBJ_22 /* LogProvider.swift */,
				D2E68D32202F590A002CB293 /* FileManager+TempFiles.swift */,
			);
			path = Utility;
			sourceTree = "<group>";
		};
		OBJ_23 /* horizon-cli */ = {
			isa = PBXGroup;
			children = (
				OBJ_24 /* Command.swift */,
				OBJ_25 /* ContactsHandler.swift */,
				D2867A05202E12AC00D3900C /* SharesHandler.swift */,
				D2474AB92036D00500AE46AF /* FilesHandler.swift */,
				OBJ_26 /* Handler.swift */,
				OBJ_27 /* Loggers.swift */,
				OBJ_28 /* Program.swift */,
				OBJ_29 /* main.swift */,
			);
			name = "horizon-cli";
			path = "Sources/horizon-cli";
			sourceTree = SOURCE_ROOT;
		};
		OBJ_30 /* Tests */ = {
			isa = PBXGroup;
			children = (
				OBJ_31 /* HorizonCoreTests */,
			);
			name = Tests;
			sourceTree = SOURCE_ROOT;
		};
		OBJ_31 /* HorizonCoreTests */ = {
			isa = PBXGroup;
			children = (
				D2E68D36202F7715002CB293 /* Test Resources */,
				D2A4A463202DD33900DFA79D /* Model */,
			);
			name = HorizonCoreTests;
			path = Tests/HorizonCoreTests;
			sourceTree = SOURCE_ROOT;
		};
		OBJ_35 /* Dependencies */ = {
			isa = PBXGroup;
			children = (
				OBJ_36 /* IPFSWebService 4.1.1 */,
				OBJ_64 /* PromiseKit 4.5.2 */,
				OBJ_78 /* Alamofire 4.6.0 */,
			);
			name = Dependencies;
			sourceTree = "<group>";
		};
		OBJ_36 /* IPFSWebService 4.1.1 */ = {
			isa = PBXGroup;
			children = (
				OBJ_37 /* IPFSWebService */,
				OBJ_63 /* Package.swift */,
			);
			name = "IPFSWebService 4.1.1";
			sourceTree = SOURCE_ROOT;
		};
		OBJ_37 /* IPFSWebService */ = {
			isa = PBXGroup;
			children = (
				OBJ_38 /* SwaggerClient */,
			);
			name = IPFSWebService;
			path = ".build/checkouts/IPFSWebService.git-1892152358706138552/Sources/IPFSWebService";
			sourceTree = SOURCE_ROOT;
		};
		OBJ_38 /* SwaggerClient */ = {
			isa = PBXGroup;
			children = (
				OBJ_39 /* Classes */,
			);
			path = SwaggerClient;
			sourceTree = "<group>";
		};
		OBJ_39 /* Classes */ = {
			isa = PBXGroup;
			children = (
				OBJ_40 /* Swaggers */,
			);
			path = Classes;
			sourceTree = "<group>";
		};
		OBJ_40 /* Swaggers */ = {
			isa = PBXGroup;
			children = (
				OBJ_41 /* APIHelper.swift */,
				OBJ_42 /* APIs.swift */,
				OBJ_43 /* APIs */,
				OBJ_45 /* AlamofireImplementations.swift */,
				OBJ_46 /* CodableHelper.swift */,
				OBJ_47 /* Configuration.swift */,
				OBJ_48 /* Extensions.swift */,
				OBJ_49 /* JSONEncodableEncoding.swift */,
				OBJ_50 /* JSONEncodingHelper.swift */,
				OBJ_51 /* Models.swift */,
				OBJ_52 /* Models */,
			);
			path = Swaggers;
			sourceTree = "<group>";
		};
		OBJ_43 /* APIs */ = {
			isa = PBXGroup;
			children = (
				OBJ_44 /* DefaultAPI.swift */,
			);
			path = APIs;
			sourceTree = "<group>";
		};
		OBJ_5 = {
			isa = PBXGroup;
			children = (
				OBJ_6 /* Package.swift */,
				OBJ_7 /* Configs */,
				OBJ_9 /* Sources */,
				OBJ_30 /* Tests */,
				OBJ_35 /* Dependencies */,
				OBJ_97 /* Products */,
			);
			sourceTree = "<group>";
		};
		OBJ_52 /* Models */ = {
			isa = PBXGroup;
			children = (
				OBJ_53 /* AddResponse.swift */,
				OBJ_54 /* Key.swift */,
				OBJ_55 /* KeyList.swift */,
				OBJ_56 /* KeygenResponse.swift */,
				OBJ_57 /* ListKeysResponse.swift */,
				OBJ_58 /* PinResponse.swift */,
				OBJ_59 /* PublishResponse.swift */,
				OBJ_60 /* RemoveKeyResponse.swift */,
				OBJ_61 /* RenameKeyResponse.swift */,
				OBJ_62 /* ResolveResponse.swift */,
			);
			path = Models;
			sourceTree = "<group>";
		};
		OBJ_64 /* PromiseKit 4.5.2 */ = {
			isa = PBXGroup;
			children = (
				OBJ_65 /* Package.swift */,
				OBJ_66 /* DispatchQueue+Promise.swift */,
				OBJ_67 /* Error.swift */,
				OBJ_68 /* Promise+Properties.swift */,
				OBJ_69 /* Promise.swift */,
				OBJ_70 /* State.swift */,
				OBJ_71 /* SwiftPM.swift */,
				OBJ_72 /* Zalgo.swift */,
				OBJ_73 /* after.swift */,
				OBJ_74 /* join.swift */,
				OBJ_75 /* race.swift */,
				OBJ_76 /* when.swift */,
				OBJ_77 /* wrap.swift */,
			);
			name = "PromiseKit 4.5.2";
			path = ".build/checkouts/PromiseKit.git--245509577168976307/Sources";
			sourceTree = SOURCE_ROOT;
		};
		OBJ_7 /* Configs */ = {
			isa = PBXGroup;
			children = (
				OBJ_8 /* Configuration.xcconfig */,
			);
			name = Configs;
			sourceTree = "<group>";
		};
		OBJ_78 /* Alamofire 4.6.0 */ = {
			isa = PBXGroup;
			children = (
				OBJ_79 /* Package.swift */,
				OBJ_80 /* AFError.swift */,
				OBJ_81 /* Alamofire.swift */,
				OBJ_82 /* DispatchQueue+Alamofire.swift */,
				OBJ_83 /* MultipartFormData.swift */,
				OBJ_84 /* NetworkReachabilityManager.swift */,
				OBJ_85 /* Notifications.swift */,
				OBJ_86 /* ParameterEncoding.swift */,
				OBJ_87 /* Request.swift */,
				OBJ_88 /* Response.swift */,
				OBJ_89 /* ResponseSerialization.swift */,
				OBJ_90 /* Result.swift */,
				OBJ_91 /* ServerTrustPolicy.swift */,
				OBJ_92 /* SessionDelegate.swift */,
				OBJ_93 /* SessionManager.swift */,
				OBJ_94 /* TaskDelegate.swift */,
				OBJ_95 /* Timeline.swift */,
				OBJ_96 /* Validation.swift */,
			);
			name = "Alamofire 4.6.0";
			path = ".build/checkouts/Alamofire.git-6801331143877184500/Source";
			sourceTree = SOURCE_ROOT;
		};
		OBJ_9 /* Sources */ = {
			isa = PBXGroup;
			children = (
				OBJ_10 /* HorizonCore */,
				OBJ_23 /* horizon-cli */,
			);
			name = Sources;
			sourceTree = SOURCE_ROOT;
		};
		OBJ_97 /* Products */ = {
			isa = PBXGroup;
			children = (
				"horizon-cli::horizon-cli::Product" /* horizon-cli */,
				"horizon-cli::HorizonCoreTests::Product" /* HorizonCoreTests.xctest */,
				"horizon-cli::HorizonCore::Product" /* HorizonCore.framework */,
				"IPFSWebService::IPFSWebService::Product" /* IPFSWebService.framework */,
				"PromiseKit::PromiseKit::Product" /* PromiseKit.framework */,
				"Alamofire::Alamofire::Product" /* Alamofire.framework */,
			);
			name = Products;
			sourceTree = BUILT_PRODUCTS_DIR;
		};
/* End PBXGroup section */

/* Begin PBXNativeTarget section */
		"Alamofire::Alamofire" /* Alamofire */ = {
			isa = PBXNativeTarget;
			buildConfigurationList = OBJ_234 /* Build configuration list for PBXNativeTarget "Alamofire" */;
			buildPhases = (
				OBJ_237 /* Sources */,
				OBJ_255 /* Frameworks */,
			);
			buildRules = (
			);
			dependencies = (
			);
			name = Alamofire;
			productName = Alamofire;
			productReference = "Alamofire::Alamofire::Product" /* Alamofire.framework */;
			productType = "com.apple.product-type.framework";
		};
		"Alamofire::SwiftPMPackageDescription" /* AlamofirePackageDescription */ = {
			isa = PBXNativeTarget;
			buildConfigurationList = OBJ_123 /* Build configuration list for PBXNativeTarget "AlamofirePackageDescription" */;
			buildPhases = (
				OBJ_126 /* Sources */,
			);
			buildRules = (
			);
			dependencies = (
			);
			name = AlamofirePackageDescription;
			productName = AlamofirePackageDescription;
			productType = "com.apple.product-type.framework";
		};
		"IPFSWebService::IPFSWebService" /* IPFSWebService */ = {
			isa = PBXNativeTarget;
			buildConfigurationList = OBJ_188 /* Build configuration list for PBXNativeTarget "IPFSWebService" */;
			buildPhases = (
				OBJ_191 /* Sources */,
				OBJ_212 /* Frameworks */,
			);
			buildRules = (
			);
			dependencies = (
				OBJ_215 /* PBXTargetDependency */,
				OBJ_216 /* PBXTargetDependency */,
			);
			name = IPFSWebService;
			productName = IPFSWebService;
			productReference = "IPFSWebService::IPFSWebService::Product" /* IPFSWebService.framework */;
			productType = "com.apple.product-type.framework";
		};
		"IPFSWebService::SwiftPMPackageDescription" /* IPFSWebServicePackageDescription */ = {
			isa = PBXNativeTarget;
			buildConfigurationList = OBJ_111 /* Build configuration list for PBXNativeTarget "IPFSWebServicePackageDescription" */;
			buildPhases = (
				OBJ_114 /* Sources */,
			);
			buildRules = (
			);
			dependencies = (
			);
			name = IPFSWebServicePackageDescription;
			productName = IPFSWebServicePackageDescription;
			productType = "com.apple.product-type.framework";
		};
		"PromiseKit::PromiseKit" /* PromiseKit */ = {
			isa = PBXNativeTarget;
			buildConfigurationList = OBJ_217 /* Build configuration list for PBXNativeTarget "PromiseKit" */;
			buildPhases = (
				OBJ_220 /* Sources */,
				OBJ_233 /* Frameworks */,
			);
			buildRules = (
			);
			dependencies = (
			);
			name = PromiseKit;
			productName = PromiseKit;
			productReference = "PromiseKit::PromiseKit::Product" /* PromiseKit.framework */;
			productType = "com.apple.product-type.framework";
		};
		"PromiseKit::SwiftPMPackageDescription" /* PromiseKitPackageDescription */ = {
			isa = PBXNativeTarget;
			buildConfigurationList = OBJ_117 /* Build configuration list for PBXNativeTarget "PromiseKitPackageDescription" */;
			buildPhases = (
				OBJ_120 /* Sources */,
			);
			buildRules = (
			);
			dependencies = (
			);
			name = PromiseKitPackageDescription;
			productName = PromiseKitPackageDescription;
			productType = "com.apple.product-type.framework";
		};
		"horizon-cli::HorizonCore" /* HorizonCore */ = {
			isa = PBXNativeTarget;
			buildConfigurationList = OBJ_167 /* Build configuration list for PBXNativeTarget "HorizonCore" */;
			buildPhases = (
				OBJ_170 /* Sources */,
				OBJ_181 /* Frameworks */,
			);
			buildRules = (
			);
			dependencies = (
				OBJ_185 /* PBXTargetDependency */,
				OBJ_186 /* PBXTargetDependency */,
				OBJ_187 /* PBXTargetDependency */,
			);
			name = HorizonCore;
			productName = HorizonCore;
			productReference = "horizon-cli::HorizonCore::Product" /* HorizonCore.framework */;
			productType = "com.apple.product-type.framework";
		};
		"horizon-cli::HorizonCoreTests" /* HorizonCoreTests */ = {
			isa = PBXNativeTarget;
			buildConfigurationList = OBJ_153 /* Build configuration list for PBXNativeTarget "HorizonCoreTests" */;
			buildPhases = (
				OBJ_156 /* Sources */,
				OBJ_158 /* Frameworks */,
				D2E68D38202F7AE9002CB293 /* Resources */,
			);
			buildRules = (
			);
			dependencies = (
				OBJ_163 /* PBXTargetDependency */,
				OBJ_164 /* PBXTargetDependency */,
				OBJ_165 /* PBXTargetDependency */,
				OBJ_166 /* PBXTargetDependency */,
			);
			name = HorizonCoreTests;
			productName = HorizonCoreTests;
			productReference = "horizon-cli::HorizonCoreTests::Product" /* HorizonCoreTests.xctest */;
			productType = "com.apple.product-type.bundle.unit-test";
		};
		"horizon-cli::SwiftPMPackageDescription" /* horizon-cliPackageDescription */ = {
			isa = PBXNativeTarget;
			buildConfigurationList = OBJ_105 /* Build configuration list for PBXNativeTarget "horizon-cliPackageDescription" */;
			buildPhases = (
				OBJ_108 /* Sources */,
			);
			buildRules = (
			);
			dependencies = (
			);
			name = "horizon-cliPackageDescription";
			productName = "horizon-cliPackageDescription";
			productType = "com.apple.product-type.framework";
		};
		"horizon-cli::horizon-cli" /* horizon-cli */ = {
			isa = PBXNativeTarget;
			buildConfigurationList = OBJ_129 /* Build configuration list for PBXNativeTarget "horizon-cli" */;
			buildPhases = (
				OBJ_132 /* Sources */,
				OBJ_139 /* Frameworks */,
			);
			buildRules = (
			);
			dependencies = (
				OBJ_144 /* PBXTargetDependency */,
				OBJ_146 /* PBXTargetDependency */,
				OBJ_148 /* PBXTargetDependency */,
				OBJ_150 /* PBXTargetDependency */,
			);
			name = "horizon-cli";
			productName = horizon_cli;
			productReference = "horizon-cli::horizon-cli::Product" /* horizon-cli */;
			productType = "com.apple.product-type.tool";
		};
/* End PBXNativeTarget section */

/* Begin PBXProject section */
		OBJ_1 /* Project object */ = {
			isa = PBXProject;
			attributes = {
				LastUpgradeCheck = 9999;
			};
			buildConfigurationList = OBJ_2 /* Build configuration list for PBXProject "horizon-cli" */;
			compatibilityVersion = "Xcode 3.2";
			developmentRegion = English;
			hasScannedForEncodings = 0;
			knownRegions = (
				en,
			);
			mainGroup = OBJ_5;
			productRefGroup = OBJ_97 /* Products */;
			projectDirPath = "";
			projectRoot = "";
			targets = (
				"horizon-cli::SwiftPMPackageDescription" /* horizon-cliPackageDescription */,
				"IPFSWebService::SwiftPMPackageDescription" /* IPFSWebServicePackageDescription */,
				"PromiseKit::SwiftPMPackageDescription" /* PromiseKitPackageDescription */,
				"Alamofire::SwiftPMPackageDescription" /* AlamofirePackageDescription */,
				"horizon-cli::horizon-cli" /* horizon-cli */,
				"horizon-cli::HorizonCoreTests" /* HorizonCoreTests */,
				"horizon-cli::HorizonCore" /* HorizonCore */,
				"IPFSWebService::IPFSWebService" /* IPFSWebService */,
				"PromiseKit::PromiseKit" /* PromiseKit */,
				"Alamofire::Alamofire" /* Alamofire */,
				"horizon-cli::horizon-cliPackageTests::ProductTarget" /* horizon-cliPackageTests */,
			);
		};
/* End PBXProject section */

/* Begin PBXResourcesBuildPhase section */
		D2E68D38202F7AE9002CB293 /* Resources */ = {
			isa = PBXResourcesBuildPhase;
			buildActionMask = 2147483647;
			files = (
				D2E68D39202F7AF2002CB293 /* The Byzantine Generals Problem.pdf in Resources */,
			);
			runOnlyForDeploymentPostprocessing = 0;
		};
/* End PBXResourcesBuildPhase section */

/* Begin PBXSourcesBuildPhase section */
		OBJ_108 /* Sources */ = {
			isa = PBXSourcesBuildPhase;
			buildActionMask = 0;
			files = (
				OBJ_109 /* Package.swift in Sources */,
			);
			runOnlyForDeploymentPostprocessing = 0;
		};
		OBJ_114 /* Sources */ = {
			isa = PBXSourcesBuildPhase;
			buildActionMask = 0;
			files = (
				OBJ_115 /* Package.swift in Sources */,
			);
			runOnlyForDeploymentPostprocessing = 0;
		};
		OBJ_120 /* Sources */ = {
			isa = PBXSourcesBuildPhase;
			buildActionMask = 0;
			files = (
				OBJ_121 /* Package.swift in Sources */,
			);
			runOnlyForDeploymentPostprocessing = 0;
		};
		OBJ_126 /* Sources */ = {
			isa = PBXSourcesBuildPhase;
			buildActionMask = 0;
			files = (
				OBJ_127 /* Package.swift in Sources */,
			);
			runOnlyForDeploymentPostprocessing = 0;
		};
		OBJ_132 /* Sources */ = {
			isa = PBXSourcesBuildPhase;
			buildActionMask = 0;
			files = (
				OBJ_133 /* Command.swift in Sources */,
				OBJ_134 /* ContactsHandler.swift in Sources */,
				OBJ_135 /* Handler.swift in Sources */,
				OBJ_136 /* Loggers.swift in Sources */,
				D2867A06202E12AC00D3900C /* SharesHandler.swift in Sources */,
				OBJ_137 /* Program.swift in Sources */,
				D2474ABA2036D00500AE46AF /* FilesHandler.swift in Sources */,
				OBJ_138 /* main.swift in Sources */,
			);
			runOnlyForDeploymentPostprocessing = 0;
		};
		OBJ_156 /* Sources */ = {
			isa = PBXSourcesBuildPhase;
			buildActionMask = 0;
			files = (
				D2867A03202DE22C00D3900C /* MockPersistentStore.swift in Sources */,
				D2E68D35202F768C002CB293 /* ModelTests_Shares.swift in Sources */,
				D2A4A467202DD70D00DFA79D /* FileTests.swift in Sources */,
				D2A4A469202DD8F300DFA79D /* MockIPFSAPI.swift in Sources */,
				D2A4A465202DD38600DFA79D /* ContactTests.swift in Sources */,
				D2A4A46B202DDC9500DFA79D /* ModelTests_Contacts.swift in Sources */,
				OBJ_157 /* FileListTests.swift in Sources */,
			);
			runOnlyForDeploymentPostprocessing = 0;
		};
		OBJ_170 /* Sources */ = {
			isa = PBXSourcesBuildPhase;
			buildActionMask = 0;
			files = (
				OBJ_171 /* Contact.swift in Sources */,
				D2E68D33202F590A002CB293 /* FileManager+TempFiles.swift in Sources */,
				OBJ_172 /* Event.swift in Sources */,
				OBJ_173 /* File.swift in Sources */,
				D2A4A470202DE12600DFA79D /* UserDefaultsStore.swift in Sources */,
				OBJ_174 /* FileList.swift in Sources */,
				OBJ_175 /* HorizonError.swift in Sources */,
				OBJ_176 /* IPFSAPI.swift in Sources */,
				D2A4A46F202DE11E00DFA79D /* PersistentStore.swift in Sources */,
				OBJ_177 /* IPFSWebserviceAPI.swift in Sources */,
				OBJ_178 /* Model.swift in Sources */,
				D2474AB82036C9E400AE46AF /* ContactFilter.swift in Sources */,
				OBJ_180 /* LogProvider.swift in Sources */,
			);
			runOnlyForDeploymentPostprocessing = 0;
		};
		OBJ_191 /* Sources */ = {
			isa = PBXSourcesBuildPhase;
			buildActionMask = 0;
			files = (
				OBJ_192 /* APIHelper.swift in Sources */,
				OBJ_193 /* APIs.swift in Sources */,
				OBJ_194 /* DefaultAPI.swift in Sources */,
				OBJ_195 /* AlamofireImplementations.swift in Sources */,
				OBJ_196 /* CodableHelper.swift in Sources */,
				OBJ_197 /* Configuration.swift in Sources */,
				OBJ_198 /* Extensions.swift in Sources */,
				OBJ_199 /* JSONEncodableEncoding.swift in Sources */,
				OBJ_200 /* JSONEncodingHelper.swift in Sources */,
				OBJ_201 /* Models.swift in Sources */,
				OBJ_202 /* AddResponse.swift in Sources */,
				OBJ_203 /* Key.swift in Sources */,
				OBJ_204 /* KeyList.swift in Sources */,
				OBJ_205 /* KeygenResponse.swift in Sources */,
				OBJ_206 /* ListKeysResponse.swift in Sources */,
				OBJ_207 /* PinResponse.swift in Sources */,
				OBJ_208 /* PublishResponse.swift in Sources */,
				OBJ_209 /* RemoveKeyResponse.swift in Sources */,
				OBJ_210 /* RenameKeyResponse.swift in Sources */,
				OBJ_211 /* ResolveResponse.swift in Sources */,
			);
			runOnlyForDeploymentPostprocessing = 0;
		};
		OBJ_220 /* Sources */ = {
			isa = PBXSourcesBuildPhase;
			buildActionMask = 0;
			files = (
				OBJ_221 /* DispatchQueue+Promise.swift in Sources */,
				OBJ_222 /* Error.swift in Sources */,
				OBJ_223 /* Promise+Properties.swift in Sources */,
				OBJ_224 /* Promise.swift in Sources */,
				OBJ_225 /* State.swift in Sources */,
				OBJ_226 /* SwiftPM.swift in Sources */,
				OBJ_227 /* Zalgo.swift in Sources */,
				OBJ_228 /* after.swift in Sources */,
				OBJ_229 /* join.swift in Sources */,
				OBJ_230 /* race.swift in Sources */,
				OBJ_231 /* when.swift in Sources */,
				OBJ_232 /* wrap.swift in Sources */,
			);
			runOnlyForDeploymentPostprocessing = 0;
		};
		OBJ_237 /* Sources */ = {
			isa = PBXSourcesBuildPhase;
			buildActionMask = 0;
			files = (
				OBJ_238 /* AFError.swift in Sources */,
				OBJ_239 /* Alamofire.swift in Sources */,
				OBJ_240 /* DispatchQueue+Alamofire.swift in Sources */,
				OBJ_241 /* MultipartFormData.swift in Sources */,
				OBJ_242 /* NetworkReachabilityManager.swift in Sources */,
				OBJ_243 /* Notifications.swift in Sources */,
				OBJ_244 /* ParameterEncoding.swift in Sources */,
				OBJ_245 /* Request.swift in Sources */,
				OBJ_246 /* Response.swift in Sources */,
				OBJ_247 /* ResponseSerialization.swift in Sources */,
				OBJ_248 /* Result.swift in Sources */,
				OBJ_249 /* ServerTrustPolicy.swift in Sources */,
				OBJ_250 /* SessionDelegate.swift in Sources */,
				OBJ_251 /* SessionManager.swift in Sources */,
				OBJ_252 /* TaskDelegate.swift in Sources */,
				OBJ_253 /* Timeline.swift in Sources */,
				OBJ_254 /* Validation.swift in Sources */,
			);
			runOnlyForDeploymentPostprocessing = 0;
		};
/* End PBXSourcesBuildPhase section */

/* Begin PBXTargetDependency section */
		OBJ_144 /* PBXTargetDependency */ = {
			isa = PBXTargetDependency;
			target = "horizon-cli::HorizonCore" /* HorizonCore */;
			targetProxy = D29FA5BF20278C970009FFAC /* PBXContainerItemProxy */;
		};
		OBJ_146 /* PBXTargetDependency */ = {
			isa = PBXTargetDependency;
			target = "IPFSWebService::IPFSWebService" /* IPFSWebService */;
			targetProxy = D29FA5C520278C970009FFAC /* PBXContainerItemProxy */;
		};
		OBJ_148 /* PBXTargetDependency */ = {
			isa = PBXTargetDependency;
			target = "PromiseKit::PromiseKit" /* PromiseKit */;
			targetProxy = D29FA5C620278C970009FFAC /* PBXContainerItemProxy */;
		};
		OBJ_150 /* PBXTargetDependency */ = {
			isa = PBXTargetDependency;
			target = "Alamofire::Alamofire" /* Alamofire */;
			targetProxy = D29FA5C720278C970009FFAC /* PBXContainerItemProxy */;
		};
		OBJ_163 /* PBXTargetDependency */ = {
			isa = PBXTargetDependency;
			target = "horizon-cli::HorizonCore" /* HorizonCore */;
			targetProxy = D29FA5C820278C970009FFAC /* PBXContainerItemProxy */;
		};
		OBJ_164 /* PBXTargetDependency */ = {
			isa = PBXTargetDependency;
			target = "IPFSWebService::IPFSWebService" /* IPFSWebService */;
			targetProxy = D29FA5C920278C970009FFAC /* PBXContainerItemProxy */;
		};
		OBJ_165 /* PBXTargetDependency */ = {
			isa = PBXTargetDependency;
			target = "PromiseKit::PromiseKit" /* PromiseKit */;
			targetProxy = D29FA5CA20278C970009FFAC /* PBXContainerItemProxy */;
		};
		OBJ_166 /* PBXTargetDependency */ = {
			isa = PBXTargetDependency;
			target = "Alamofire::Alamofire" /* Alamofire */;
			targetProxy = D29FA5CB20278C970009FFAC /* PBXContainerItemProxy */;
		};
		OBJ_185 /* PBXTargetDependency */ = {
			isa = PBXTargetDependency;
			target = "IPFSWebService::IPFSWebService" /* IPFSWebService */;
			targetProxy = D29FA5C020278C970009FFAC /* PBXContainerItemProxy */;
		};
		OBJ_186 /* PBXTargetDependency */ = {
			isa = PBXTargetDependency;
			target = "PromiseKit::PromiseKit" /* PromiseKit */;
			targetProxy = D29FA5C320278C970009FFAC /* PBXContainerItemProxy */;
		};
		OBJ_187 /* PBXTargetDependency */ = {
			isa = PBXTargetDependency;
			target = "Alamofire::Alamofire" /* Alamofire */;
			targetProxy = D29FA5C420278C970009FFAC /* PBXContainerItemProxy */;
		};
		OBJ_215 /* PBXTargetDependency */ = {
			isa = PBXTargetDependency;
			target = "PromiseKit::PromiseKit" /* PromiseKit */;
			targetProxy = D29FA5C120278C970009FFAC /* PBXContainerItemProxy */;
		};
		OBJ_216 /* PBXTargetDependency */ = {
			isa = PBXTargetDependency;
			target = "Alamofire::Alamofire" /* Alamofire */;
			targetProxy = D29FA5C220278C970009FFAC /* PBXContainerItemProxy */;
		};
		OBJ_260 /* PBXTargetDependency */ = {
			isa = PBXTargetDependency;
			target = "horizon-cli::HorizonCoreTests" /* HorizonCoreTests */;
			targetProxy = D29FA5CC20278C970009FFAC /* PBXContainerItemProxy */;
		};
/* End PBXTargetDependency section */

/* Begin XCBuildConfiguration section */
		OBJ_106 /* Debug */ = {
			isa = XCBuildConfiguration;
			buildSettings = {
				LD = /usr/bin/true;
				OTHER_SWIFT_FLAGS = "-swift-version 4 -I /Applications/Xcode.app/Contents/Developer/Toolchains/XcodeDefault.xctoolchain/usr/lib/swift/pm/4 -target x86_64-apple-macosx10.10 -sdk /Applications/Xcode.app/Contents/Developer/Platforms/MacOSX.platform/Developer/SDKs/MacOSX10.13.sdk";
				SWIFT_VERSION = 4.0;
			};
			name = Debug;
		};
		OBJ_107 /* Release */ = {
			isa = XCBuildConfiguration;
			buildSettings = {
				LD = /usr/bin/true;
				OTHER_SWIFT_FLAGS = "-swift-version 4 -I /Applications/Xcode.app/Contents/Developer/Toolchains/XcodeDefault.xctoolchain/usr/lib/swift/pm/4 -target x86_64-apple-macosx10.10 -sdk /Applications/Xcode.app/Contents/Developer/Platforms/MacOSX.platform/Developer/SDKs/MacOSX10.13.sdk";
				SWIFT_VERSION = 4.0;
			};
			name = Release;
		};
		OBJ_112 /* Debug */ = {
			isa = XCBuildConfiguration;
			buildSettings = {
				LD = /usr/bin/true;
				OTHER_SWIFT_FLAGS = "-swift-version 4 -I /Applications/Xcode.app/Contents/Developer/Toolchains/XcodeDefault.xctoolchain/usr/lib/swift/pm/4 -target x86_64-apple-macosx10.10 -sdk /Applications/Xcode.app/Contents/Developer/Platforms/MacOSX.platform/Developer/SDKs/MacOSX10.13.sdk";
				SWIFT_VERSION = 4.0;
			};
			name = Debug;
		};
		OBJ_113 /* Release */ = {
			isa = XCBuildConfiguration;
			buildSettings = {
				LD = /usr/bin/true;
				OTHER_SWIFT_FLAGS = "-swift-version 4 -I /Applications/Xcode.app/Contents/Developer/Toolchains/XcodeDefault.xctoolchain/usr/lib/swift/pm/4 -target x86_64-apple-macosx10.10 -sdk /Applications/Xcode.app/Contents/Developer/Platforms/MacOSX.platform/Developer/SDKs/MacOSX10.13.sdk";
				SWIFT_VERSION = 4.0;
			};
			name = Release;
		};
		OBJ_118 /* Debug */ = {
			isa = XCBuildConfiguration;
			buildSettings = {
				LD = /usr/bin/true;
				OTHER_SWIFT_FLAGS = "-swift-version 3 -I /Applications/Xcode.app/Contents/Developer/Toolchains/XcodeDefault.xctoolchain/usr/lib/swift/pm/3 -target x86_64-apple-macosx10.10 -sdk /Applications/Xcode.app/Contents/Developer/Platforms/MacOSX.platform/Developer/SDKs/MacOSX10.13.sdk";
				SWIFT_VERSION = 3.0;
			};
			name = Debug;
		};
		OBJ_119 /* Release */ = {
			isa = XCBuildConfiguration;
			buildSettings = {
				LD = /usr/bin/true;
				OTHER_SWIFT_FLAGS = "-swift-version 3 -I /Applications/Xcode.app/Contents/Developer/Toolchains/XcodeDefault.xctoolchain/usr/lib/swift/pm/3 -target x86_64-apple-macosx10.10 -sdk /Applications/Xcode.app/Contents/Developer/Platforms/MacOSX.platform/Developer/SDKs/MacOSX10.13.sdk";
				SWIFT_VERSION = 3.0;
			};
			name = Release;
		};
		OBJ_124 /* Debug */ = {
			isa = XCBuildConfiguration;
			buildSettings = {
				LD = /usr/bin/true;
				OTHER_SWIFT_FLAGS = "-swift-version 3 -I /Applications/Xcode.app/Contents/Developer/Toolchains/XcodeDefault.xctoolchain/usr/lib/swift/pm/3 -target x86_64-apple-macosx10.10 -sdk /Applications/Xcode.app/Contents/Developer/Platforms/MacOSX.platform/Developer/SDKs/MacOSX10.13.sdk";
				SWIFT_VERSION = 3.0;
			};
			name = Debug;
		};
		OBJ_125 /* Release */ = {
			isa = XCBuildConfiguration;
			buildSettings = {
				LD = /usr/bin/true;
				OTHER_SWIFT_FLAGS = "-swift-version 3 -I /Applications/Xcode.app/Contents/Developer/Toolchains/XcodeDefault.xctoolchain/usr/lib/swift/pm/3 -target x86_64-apple-macosx10.10 -sdk /Applications/Xcode.app/Contents/Developer/Platforms/MacOSX.platform/Developer/SDKs/MacOSX10.13.sdk";
				SWIFT_VERSION = 3.0;
			};
			name = Release;
		};
		OBJ_130 /* Debug */ = {
			isa = XCBuildConfiguration;
			baseConfigurationReference = OBJ_8 /* Configuration.xcconfig */;
			buildSettings = {
				FRAMEWORK_SEARCH_PATHS = (
					"$(inherited)",
					"$(PLATFORM_DIR)/Developer/Library/Frameworks",
				);
				HEADER_SEARCH_PATHS = "$(inherited)";
				INFOPLIST_FILE = "horizon-cli.xcodeproj/horizon_cli_Info.plist";
				LD_RUNPATH_SEARCH_PATHS = "$(TOOLCHAIN_DIR)/usr/lib/swift/macosx @executable_path";
				OTHER_LDFLAGS = "$(inherited)";
				OTHER_SWIFT_FLAGS = "$(inherited)";
				SWIFT_FORCE_DYNAMIC_LINK_STDLIB = YES;
				SWIFT_FORCE_STATIC_LINK_STDLIB = NO;
				SWIFT_VERSION = 4.0;
				TARGET_NAME = "horizon-cli";
			};
			name = Debug;
		};
		OBJ_131 /* Release */ = {
			isa = XCBuildConfiguration;
			baseConfigurationReference = OBJ_8 /* Configuration.xcconfig */;
			buildSettings = {
				FRAMEWORK_SEARCH_PATHS = (
					"$(inherited)",
					"$(PLATFORM_DIR)/Developer/Library/Frameworks",
				);
				HEADER_SEARCH_PATHS = "$(inherited)";
				INFOPLIST_FILE = "horizon-cli.xcodeproj/horizon_cli_Info.plist";
				LD_RUNPATH_SEARCH_PATHS = "$(TOOLCHAIN_DIR)/usr/lib/swift/macosx @executable_path";
				OTHER_LDFLAGS = "$(inherited)";
				OTHER_SWIFT_FLAGS = "$(inherited)";
				SWIFT_FORCE_DYNAMIC_LINK_STDLIB = YES;
				SWIFT_FORCE_STATIC_LINK_STDLIB = NO;
				SWIFT_VERSION = 4.0;
				TARGET_NAME = "horizon-cli";
			};
			name = Release;
		};
		OBJ_154 /* Debug */ = {
			isa = XCBuildConfiguration;
			baseConfigurationReference = OBJ_8 /* Configuration.xcconfig */;
			buildSettings = {
				EMBEDDED_CONTENT_CONTAINS_SWIFT = YES;
				FRAMEWORK_SEARCH_PATHS = (
					"$(inherited)",
					"$(PLATFORM_DIR)/Developer/Library/Frameworks",
				);
				HEADER_SEARCH_PATHS = "$(inherited)";
				INFOPLIST_FILE = "horizon-cli.xcodeproj/HorizonCoreTests_Info.plist";
				LD_RUNPATH_SEARCH_PATHS = "@loader_path/../Frameworks @loader_path/Frameworks";
				OTHER_LDFLAGS = "$(inherited)";
				OTHER_SWIFT_FLAGS = "$(inherited)";
				SWIFT_VERSION = 4.0;
				TARGET_NAME = HorizonCoreTests;
			};
			name = Debug;
		};
		OBJ_155 /* Release */ = {
			isa = XCBuildConfiguration;
			baseConfigurationReference = OBJ_8 /* Configuration.xcconfig */;
			buildSettings = {
				EMBEDDED_CONTENT_CONTAINS_SWIFT = YES;
				FRAMEWORK_SEARCH_PATHS = (
					"$(inherited)",
					"$(PLATFORM_DIR)/Developer/Library/Frameworks",
				);
				HEADER_SEARCH_PATHS = "$(inherited)";
				INFOPLIST_FILE = "horizon-cli.xcodeproj/HorizonCoreTests_Info.plist";
				LD_RUNPATH_SEARCH_PATHS = "@loader_path/../Frameworks @loader_path/Frameworks";
				OTHER_LDFLAGS = "$(inherited)";
				OTHER_SWIFT_FLAGS = "$(inherited)";
				SWIFT_VERSION = 4.0;
				TARGET_NAME = HorizonCoreTests;
			};
			name = Release;
		};
		OBJ_168 /* Debug */ = {
			isa = XCBuildConfiguration;
			baseConfigurationReference = OBJ_8 /* Configuration.xcconfig */;
			buildSettings = {
				ENABLE_TESTABILITY = YES;
				FRAMEWORK_SEARCH_PATHS = (
					"$(inherited)",
					"$(PLATFORM_DIR)/Developer/Library/Frameworks",
				);
				HEADER_SEARCH_PATHS = "$(inherited)";
				INFOPLIST_FILE = "horizon-cli.xcodeproj/HorizonCore_Info.plist";
				LD_RUNPATH_SEARCH_PATHS = "$(TOOLCHAIN_DIR)/usr/lib/swift/macosx";
				OTHER_LDFLAGS = "$(inherited)";
				OTHER_SWIFT_FLAGS = "$(inherited)";
				PRODUCT_BUNDLE_IDENTIFIER = HorizonCore;
				PRODUCT_MODULE_NAME = "$(TARGET_NAME:c99extidentifier)";
				PRODUCT_NAME = "$(TARGET_NAME:c99extidentifier)";
				SKIP_INSTALL = YES;
				SWIFT_VERSION = 4.0;
				TARGET_NAME = HorizonCore;
			};
			name = Debug;
		};
		OBJ_169 /* Release */ = {
			isa = XCBuildConfiguration;
			baseConfigurationReference = OBJ_8 /* Configuration.xcconfig */;
			buildSettings = {
				ENABLE_TESTABILITY = YES;
				FRAMEWORK_SEARCH_PATHS = (
					"$(inherited)",
					"$(PLATFORM_DIR)/Developer/Library/Frameworks",
				);
				HEADER_SEARCH_PATHS = "$(inherited)";
				INFOPLIST_FILE = "horizon-cli.xcodeproj/HorizonCore_Info.plist";
				LD_RUNPATH_SEARCH_PATHS = "$(TOOLCHAIN_DIR)/usr/lib/swift/macosx";
				OTHER_LDFLAGS = "$(inherited)";
				OTHER_SWIFT_FLAGS = "$(inherited)";
				PRODUCT_BUNDLE_IDENTIFIER = HorizonCore;
				PRODUCT_MODULE_NAME = "$(TARGET_NAME:c99extidentifier)";
				PRODUCT_NAME = "$(TARGET_NAME:c99extidentifier)";
				SKIP_INSTALL = YES;
				SWIFT_VERSION = 4.0;
				TARGET_NAME = HorizonCore;
			};
			name = Release;
		};
		OBJ_189 /* Debug */ = {
			isa = XCBuildConfiguration;
			baseConfigurationReference = OBJ_8 /* Configuration.xcconfig */;
			buildSettings = {
				ENABLE_TESTABILITY = YES;
				FRAMEWORK_SEARCH_PATHS = (
					"$(inherited)",
					"$(PLATFORM_DIR)/Developer/Library/Frameworks",
				);
				HEADER_SEARCH_PATHS = "$(inherited)";
				INFOPLIST_FILE = "horizon-cli.xcodeproj/IPFSWebService_Info.plist";
				LD_RUNPATH_SEARCH_PATHS = "$(TOOLCHAIN_DIR)/usr/lib/swift/macosx";
				OTHER_LDFLAGS = "$(inherited)";
				OTHER_SWIFT_FLAGS = "$(inherited)";
				PRODUCT_BUNDLE_IDENTIFIER = IPFSWebService;
				PRODUCT_MODULE_NAME = "$(TARGET_NAME:c99extidentifier)";
				PRODUCT_NAME = "$(TARGET_NAME:c99extidentifier)";
				SKIP_INSTALL = YES;
				SWIFT_VERSION = 4.0;
				TARGET_NAME = IPFSWebService;
			};
			name = Debug;
		};
		OBJ_190 /* Release */ = {
			isa = XCBuildConfiguration;
			baseConfigurationReference = OBJ_8 /* Configuration.xcconfig */;
			buildSettings = {
				ENABLE_TESTABILITY = YES;
				FRAMEWORK_SEARCH_PATHS = (
					"$(inherited)",
					"$(PLATFORM_DIR)/Developer/Library/Frameworks",
				);
				HEADER_SEARCH_PATHS = "$(inherited)";
				INFOPLIST_FILE = "horizon-cli.xcodeproj/IPFSWebService_Info.plist";
				LD_RUNPATH_SEARCH_PATHS = "$(TOOLCHAIN_DIR)/usr/lib/swift/macosx";
				OTHER_LDFLAGS = "$(inherited)";
				OTHER_SWIFT_FLAGS = "$(inherited)";
				PRODUCT_BUNDLE_IDENTIFIER = IPFSWebService;
				PRODUCT_MODULE_NAME = "$(TARGET_NAME:c99extidentifier)";
				PRODUCT_NAME = "$(TARGET_NAME:c99extidentifier)";
				SKIP_INSTALL = YES;
				SWIFT_VERSION = 4.0;
				TARGET_NAME = IPFSWebService;
			};
			name = Release;
		};
		OBJ_218 /* Debug */ = {
			isa = XCBuildConfiguration;
			baseConfigurationReference = OBJ_8 /* Configuration.xcconfig */;
			buildSettings = {
				ENABLE_TESTABILITY = YES;
				FRAMEWORK_SEARCH_PATHS = (
					"$(inherited)",
					"$(PLATFORM_DIR)/Developer/Library/Frameworks",
				);
				HEADER_SEARCH_PATHS = "$(inherited)";
				INFOPLIST_FILE = "horizon-cli.xcodeproj/PromiseKit_Info.plist";
				LD_RUNPATH_SEARCH_PATHS = "$(TOOLCHAIN_DIR)/usr/lib/swift/macosx";
				OTHER_LDFLAGS = "$(inherited)";
				OTHER_SWIFT_FLAGS = "$(inherited)";
				PRODUCT_BUNDLE_IDENTIFIER = PromiseKit;
				PRODUCT_MODULE_NAME = "$(TARGET_NAME:c99extidentifier)";
				PRODUCT_NAME = "$(TARGET_NAME:c99extidentifier)";
				SKIP_INSTALL = YES;
				SWIFT_VERSION = 3.0;
				TARGET_NAME = PromiseKit;
			};
			name = Debug;
		};
		OBJ_219 /* Release */ = {
			isa = XCBuildConfiguration;
			baseConfigurationReference = OBJ_8 /* Configuration.xcconfig */;
			buildSettings = {
				ENABLE_TESTABILITY = YES;
				FRAMEWORK_SEARCH_PATHS = (
					"$(inherited)",
					"$(PLATFORM_DIR)/Developer/Library/Frameworks",
				);
				HEADER_SEARCH_PATHS = "$(inherited)";
				INFOPLIST_FILE = "horizon-cli.xcodeproj/PromiseKit_Info.plist";
				LD_RUNPATH_SEARCH_PATHS = "$(TOOLCHAIN_DIR)/usr/lib/swift/macosx";
				OTHER_LDFLAGS = "$(inherited)";
				OTHER_SWIFT_FLAGS = "$(inherited)";
				PRODUCT_BUNDLE_IDENTIFIER = PromiseKit;
				PRODUCT_MODULE_NAME = "$(TARGET_NAME:c99extidentifier)";
				PRODUCT_NAME = "$(TARGET_NAME:c99extidentifier)";
				SKIP_INSTALL = YES;
				SWIFT_VERSION = 3.0;
				TARGET_NAME = PromiseKit;
			};
			name = Release;
		};
		OBJ_235 /* Debug */ = {
			isa = XCBuildConfiguration;
			baseConfigurationReference = OBJ_8 /* Configuration.xcconfig */;
			buildSettings = {
				ENABLE_TESTABILITY = YES;
				FRAMEWORK_SEARCH_PATHS = (
					"$(inherited)",
					"$(PLATFORM_DIR)/Developer/Library/Frameworks",
				);
				HEADER_SEARCH_PATHS = "$(inherited)";
				INFOPLIST_FILE = "horizon-cli.xcodeproj/Alamofire_Info.plist";
				LD_RUNPATH_SEARCH_PATHS = "$(TOOLCHAIN_DIR)/usr/lib/swift/macosx";
				OTHER_LDFLAGS = "$(inherited)";
				OTHER_SWIFT_FLAGS = "$(inherited)";
				PRODUCT_BUNDLE_IDENTIFIER = Alamofire;
				PRODUCT_MODULE_NAME = "$(TARGET_NAME:c99extidentifier)";
				PRODUCT_NAME = "$(TARGET_NAME:c99extidentifier)";
				SKIP_INSTALL = YES;
				SWIFT_VERSION = 3.0;
				TARGET_NAME = Alamofire;
			};
			name = Debug;
		};
		OBJ_236 /* Release */ = {
			isa = XCBuildConfiguration;
			baseConfigurationReference = OBJ_8 /* Configuration.xcconfig */;
			buildSettings = {
				ENABLE_TESTABILITY = YES;
				FRAMEWORK_SEARCH_PATHS = (
					"$(inherited)",
					"$(PLATFORM_DIR)/Developer/Library/Frameworks",
				);
				HEADER_SEARCH_PATHS = "$(inherited)";
				INFOPLIST_FILE = "horizon-cli.xcodeproj/Alamofire_Info.plist";
				LD_RUNPATH_SEARCH_PATHS = "$(TOOLCHAIN_DIR)/usr/lib/swift/macosx";
				OTHER_LDFLAGS = "$(inherited)";
				OTHER_SWIFT_FLAGS = "$(inherited)";
				PRODUCT_BUNDLE_IDENTIFIER = Alamofire;
				PRODUCT_MODULE_NAME = "$(TARGET_NAME:c99extidentifier)";
				PRODUCT_NAME = "$(TARGET_NAME:c99extidentifier)";
				SKIP_INSTALL = YES;
				SWIFT_VERSION = 3.0;
				TARGET_NAME = Alamofire;
			};
			name = Release;
		};
		OBJ_258 /* Debug */ = {
			isa = XCBuildConfiguration;
			buildSettings = {
			};
			name = Debug;
		};
		OBJ_259 /* Release */ = {
			isa = XCBuildConfiguration;
			buildSettings = {
			};
			name = Release;
		};
		OBJ_3 /* Debug */ = {
			isa = XCBuildConfiguration;
			buildSettings = {
				CLANG_ENABLE_OBJC_ARC = YES;
				COMBINE_HIDPI_IMAGES = YES;
				COPY_PHASE_STRIP = NO;
				DEBUG_INFORMATION_FORMAT = dwarf;
				DYLIB_INSTALL_NAME_BASE = "@rpath";
				ENABLE_NS_ASSERTIONS = YES;
				GCC_OPTIMIZATION_LEVEL = 0;
				MACOSX_DEPLOYMENT_TARGET = 10.10;
				ONLY_ACTIVE_ARCH = YES;
				OTHER_SWIFT_FLAGS = "-DXcode";
				PRODUCT_NAME = "$(TARGET_NAME)";
				SDKROOT = macosx;
				SUPPORTED_PLATFORMS = "macosx iphoneos iphonesimulator appletvos appletvsimulator watchos watchsimulator";
				SWIFT_ACTIVE_COMPILATION_CONDITIONS = SWIFT_PACKAGE;
				SWIFT_OPTIMIZATION_LEVEL = "-Onone";
				USE_HEADERMAP = NO;
			};
			name = Debug;
		};
		OBJ_4 /* Release */ = {
			isa = XCBuildConfiguration;
			buildSettings = {
				CLANG_ENABLE_OBJC_ARC = YES;
				COMBINE_HIDPI_IMAGES = YES;
				COPY_PHASE_STRIP = YES;
				DEBUG_INFORMATION_FORMAT = "dwarf-with-dsym";
				DYLIB_INSTALL_NAME_BASE = "@rpath";
				GCC_OPTIMIZATION_LEVEL = s;
				MACOSX_DEPLOYMENT_TARGET = 10.10;
				OTHER_SWIFT_FLAGS = "-DXcode";
				PRODUCT_NAME = "$(TARGET_NAME)";
				SDKROOT = macosx;
				SUPPORTED_PLATFORMS = "macosx iphoneos iphonesimulator appletvos appletvsimulator watchos watchsimulator";
				SWIFT_ACTIVE_COMPILATION_CONDITIONS = SWIFT_PACKAGE;
				SWIFT_OPTIMIZATION_LEVEL = "-Owholemodule";
				USE_HEADERMAP = NO;
			};
			name = Release;
		};
/* End XCBuildConfiguration section */

/* Begin XCConfigurationList section */
		OBJ_105 /* Build configuration list for PBXNativeTarget "horizon-cliPackageDescription" */ = {
			isa = XCConfigurationList;
			buildConfigurations = (
				OBJ_106 /* Debug */,
				OBJ_107 /* Release */,
			);
			defaultConfigurationIsVisible = 0;
			defaultConfigurationName = Debug;
		};
		OBJ_111 /* Build configuration list for PBXNativeTarget "IPFSWebServicePackageDescription" */ = {
			isa = XCConfigurationList;
			buildConfigurations = (
				OBJ_112 /* Debug */,
				OBJ_113 /* Release */,
			);
			defaultConfigurationIsVisible = 0;
			defaultConfigurationName = Debug;
		};
		OBJ_117 /* Build configuration list for PBXNativeTarget "PromiseKitPackageDescription" */ = {
			isa = XCConfigurationList;
			buildConfigurations = (
				OBJ_118 /* Debug */,
				OBJ_119 /* Release */,
			);
			defaultConfigurationIsVisible = 0;
			defaultConfigurationName = Debug;
		};
		OBJ_123 /* Build configuration list for PBXNativeTarget "AlamofirePackageDescription" */ = {
			isa = XCConfigurationList;
			buildConfigurations = (
				OBJ_124 /* Debug */,
				OBJ_125 /* Release */,
			);
			defaultConfigurationIsVisible = 0;
			defaultConfigurationName = Debug;
		};
		OBJ_129 /* Build configuration list for PBXNativeTarget "horizon-cli" */ = {
			isa = XCConfigurationList;
			buildConfigurations = (
				OBJ_130 /* Debug */,
				OBJ_131 /* Release */,
			);
			defaultConfigurationIsVisible = 0;
			defaultConfigurationName = Debug;
		};
		OBJ_153 /* Build configuration list for PBXNativeTarget "HorizonCoreTests" */ = {
			isa = XCConfigurationList;
			buildConfigurations = (
				OBJ_154 /* Debug */,
				OBJ_155 /* Release */,
			);
			defaultConfigurationIsVisible = 0;
			defaultConfigurationName = Debug;
		};
		OBJ_167 /* Build configuration list for PBXNativeTarget "HorizonCore" */ = {
			isa = XCConfigurationList;
			buildConfigurations = (
				OBJ_168 /* Debug */,
				OBJ_169 /* Release */,
			);
			defaultConfigurationIsVisible = 0;
			defaultConfigurationName = Debug;
		};
		OBJ_188 /* Build configuration list for PBXNativeTarget "IPFSWebService" */ = {
			isa = XCConfigurationList;
			buildConfigurations = (
				OBJ_189 /* Debug */,
				OBJ_190 /* Release */,
			);
			defaultConfigurationIsVisible = 0;
			defaultConfigurationName = Debug;
		};
		OBJ_2 /* Build configuration list for PBXProject "horizon-cli" */ = {
			isa = XCConfigurationList;
			buildConfigurations = (
				OBJ_3 /* Debug */,
				OBJ_4 /* Release */,
			);
			defaultConfigurationIsVisible = 0;
			defaultConfigurationName = Debug;
		};
		OBJ_217 /* Build configuration list for PBXNativeTarget "PromiseKit" */ = {
			isa = XCConfigurationList;
			buildConfigurations = (
				OBJ_218 /* Debug */,
				OBJ_219 /* Release */,
			);
			defaultConfigurationIsVisible = 0;
			defaultConfigurationName = Debug;
		};
		OBJ_234 /* Build configuration list for PBXNativeTarget "Alamofire" */ = {
			isa = XCConfigurationList;
			buildConfigurations = (
				OBJ_235 /* Debug */,
				OBJ_236 /* Release */,
			);
			defaultConfigurationIsVisible = 0;
			defaultConfigurationName = Debug;
		};
		OBJ_257 /* Build configuration list for PBXAggregateTarget "horizon-cliPackageTests" */ = {
			isa = XCConfigurationList;
			buildConfigurations = (
				OBJ_258 /* Debug */,
				OBJ_259 /* Release */,
			);
			defaultConfigurationIsVisible = 0;
			defaultConfigurationName = Debug;
		};
/* End XCConfigurationList section */
	};
	rootObject = OBJ_1 /* Project object */;
}
